
Microsoft Visual Studio Solution File, Format Version 12.00
# Visual Studio Version 17
VisualStudioVersion = 17.11.35222.181
MinimumVisualStudioVersion = 10.0.40219.1
Project("{FAE04EC0-301F-11D3-BF4B-00C04F79EFBC}") = "FlowerStore", "FlowerStore.csproj", "{FF61F065-8486-458D-BAB5-4837F19397EE}"
EndProject
Global
	GlobalSection(SolutionConfigurationPlatforms) = preSolution
		Debug|Any CPU = Debug|Any CPU
		Release|Any CPU = Release|Any CPU
	EndGlobalSection
	GlobalSection(ProjectConfigurationPlatforms) = postSolution
		{FF61F065-8486-458D-BAB5-4837F19397EE}.Debug|Any CPU.ActiveCfg = Debug|Any CPU
		{FF61F065-8486-458D-BAB5-4837F19397EE}.Debug|Any CPU.Build.0 = Debug|Any CPU
		{FF61F065-8486-458D-BAB5-4837F19397EE}.Release|Any CPU.ActiveCfg = Release|Any CPU
		{FF61F065-8486-458D-BAB5-4837F19397EE}.Release|Any CPU.Build.0 = Release|Any CPU
	EndGlobalSection
	GlobalSection(SolutionProperties) = preSolution
		HideSolutionNode = FALSE
	EndGlobalSection
	GlobalSection(ExtensibilityGlobals) = postSolution
		SolutionGuid = {AD4B626B-0283-402E-868E-2FC8F470C502}
	EndGlobalSection
EndGlobal
