
Microsoft Visual Studio Solution File, Format Version 12.00
# Visual Studio Version 17
VisualStudioVersion = 17.9.34902.65
MinimumVisualStudioVersion = 10.0.40219.1
Project("{FAE04EC0-301F-11D3-BF4B-00C04F79EFBC}") = "Inspector", "Inspector\Inspector.csproj", "{5656428B-EDB4-4112-A61A-7BCFC93CEB41}"
EndProject
Global
	GlobalSection(SolutionConfigurationPlatforms) = preSolution
		Debug|Any CPU = Debug|Any CPU
		Release|Any CPU = Release|Any CPU
	EndGlobalSection
	GlobalSection(ProjectConfigurationPlatforms) = postSolution
		{5656428B-EDB4-4112-A61A-7BCFC93CEB41}.Debug|Any CPU.ActiveCfg = Debug|Any CPU
		{5656428B-EDB4-4112-A61A-7BCFC93CEB41}.Debug|Any CPU.Build.0 = Debug|Any CPU
		{5656428B-EDB4-4112-A61A-7BCFC93CEB41}.Release|Any CPU.ActiveCfg = Release|Any CPU
		{5656428B-EDB4-4112-A61A-7BCFC93CEB41}.Release|Any CPU.Build.0 = Release|Any CPU
	EndGlobalSection
	GlobalSection(SolutionProperties) = preSolution
		HideSolutionNode = FALSE
	EndGlobalSection
	GlobalSection(ExtensibilityGlobals) = postSolution
		SolutionGuid = {8B327EF3-101D-45B1-8DEB-37D94EC97E46}
	EndGlobalSection
EndGlobal
